// !$*UTF8*$!
{
	archiveVersion = 1;
	classes = {
	};
	objectVersion = 77;
	objects = {

/* Begin PBXBuildFile section */
		01F3C02F3C274856D6D7CBF2 /* GmailModels.swift in Sources */ = {isa = PBXBuildFile; fileRef = 29C3CE2626BACA38FBB03607 /* GmailModels.swift */; };
		03D5C2EAE60EEC4B9D772CF4 /* ScanProgressBanner.swift in Sources */ = {isa = PBXBuildFile; fileRef = 85C73D081FD9C80B0E93B773 /* ScanProgressBanner.swift */; };
		071D968D513347BCA156AB3A /* OneTimePurchase.swift in Sources */ = {isa = PBXBuildFile; fileRef = D2A18C3CEA59E3D7F16F3289 /* OneTimePurchase.swift */; };
		0C40B06FD1860993C330516E /* NotificationDecisions.swift in Sources */ = {isa = PBXBuildFile; fileRef = 11613571515348A97F3AA4DE /* NotificationDecisions.swift */; };
		0E45E86762FDFCC280A8B47D /* OneTimePurchaseEngine.swift in Sources */ = {isa = PBXBuildFile; fileRef = D94D448CB35A6BB35F9E82F8 /* OneTimePurchaseEngine.swift */; };
		0F3BD5A6829CB13C62D1A0F0 /* Enums.swift in Sources */ = {isa = PBXBuildFile; fileRef = 6B3B538E45334B823AB53E3A /* Enums.swift */; };
		126750A0D1BEC6C998408E19 /* GmailSettingsSection.swift in Sources */ = {isa = PBXBuildFile; fileRef = F6A9F1A3A6E8DAA618381F6B /* GmailSettingsSection.swift */; };
		1315238787131E3677A14D14 /* SubsTrackerWidget.swift in Sources */ = {isa = PBXBuildFile; fileRef = 6C320727B46B68A25DF5AF84 /* SubsTrackerWidget.swift */; };
		160792F6A47211413C8E6A6F /* OpenAIUsageService.swift in Sources */ = {isa = PBXBuildFile; fileRef = 72A69423B0EF440E1CFE4D81 /* OpenAIUsageService.swift */; };
		22464A9A8F8AD7361E1511DD /* ClaudeUsageView.swift in Sources */ = {isa = PBXBuildFile; fileRef = 2868D79781237129D353FFB5 /* ClaudeUsageView.swift */; };
		2384206487498CB677BEB9AF /* OneTimePurchaseEngine.swift in Sources */ = {isa = PBXBuildFile; fileRef = D94D448CB35A6BB35F9E82F8 /* OneTimePurchaseEngine.swift */; };
		32C172D11ACD1720B09AFAF2 /* UtilizationBarView.swift in Sources */ = {isa = PBXBuildFile; fileRef = 85DEE776A9266BA231AEB578 /* UtilizationBarView.swift */; };
		3BBF5E3CED24D2E43A8DB473 /* FinanceExportEngineTests.swift in Sources */ = {isa = PBXBuildFile; fileRef = C4BEB6BFB8E492B9D82B0C0B /* FinanceExportEngineTests.swift */; };
		3D27BD20C05DD844445085D3 /* SubsTrackerApp.swift in Sources */ = {isa = PBXBuildFile; fileRef = C1AAF0680827A86906A94BF4 /* SubsTrackerApp.swift */; };
		5171F2AD81AD9F100DB11E21 /* GmailSignalEngine.swift in Sources */ = {isa = PBXBuildFile; fileRef = 6E9950BB11F54D4838E7511E /* GmailSignalEngine.swift */; };
		51756EB01271F7EC9BDBBEFA /* Assets.xcassets in Resources */ = {isa = PBXBuildFile; fileRef = E09DFFED04A2B76E346541A6 /* Assets.xcassets */; };
		534B6454316B332104962645 /* UsageViewModel.swift in Sources */ = {isa = PBXBuildFile; fileRef = CD4668E14DAEDB5024C93EB3 /* UsageViewModel.swift */; };
		53ECFA7570052878A0F54021 /* UsageChartView.swift in Sources */ = {isa = PBXBuildFile; fileRef = 5E246A94F529EB9B6A017E3D /* UsageChartView.swift */; };
		5A6969CE7EE12B77A47542BE /* SubsTrackerWidget.appex in Embed Foundation Extensions */ = {isa = PBXBuildFile; fileRef = 5CEAE6B70AD9498CAD505117 /* SubsTrackerWidget.appex */; settings = {ATTRIBUTES = (RemoveHeadersOnCopy, ); }; };
		5ECE3343B256BDAA865B32C0 /* GmailScanReviewView.swift in Sources */ = {isa = PBXBuildFile; fileRef = 05571B43FD75A0147A5C1C19 /* GmailScanReviewView.swift */; };
		5ED5A7A9EEB52409C05AC888 /* CurrencyFormatter.swift in Sources */ = {isa = PBXBuildFile; fileRef = E20B810032AFD162213C3010 /* CurrencyFormatter.swift */; };
		613785BBF9055E538A084725 /* ClaudeCodeLocalService.swift in Sources */ = {isa = PBXBuildFile; fileRef = 8F2E63407813F784022CE601 /* ClaudeCodeLocalService.swift */; };
		6941C2369B8A6574BE257896 /* NotificationDecisions.swift in Sources */ = {isa = PBXBuildFile; fileRef = 11613571515348A97F3AA4DE /* NotificationDecisions.swift */; };
		6EC5A4E8F95463453066B589 /* UsageRecord.swift in Sources */ = {isa = PBXBuildFile; fileRef = 5A48B9187892CFE047769A4F /* UsageRecord.swift */; };
		70B127A2A02F5EDC91F0424D /* WidgetData.swift in Sources */ = {isa = PBXBuildFile; fileRef = FF836713C899BECDB1461094 /* WidgetData.swift */; };
		738E9F2B6F263EEE805913BE /* CodexLocalService.swift in Sources */ = {isa = PBXBuildFile; fileRef = 657E213F8205572CB9698552 /* CodexLocalService.swift */; };
		7DBFD58696FB6488E30C44A1 /* OpenAIUsageView.swift in Sources */ = {isa = PBXBuildFile; fileRef = 0CCEE6D100A11E5F433A4D30 /* OpenAIUsageView.swift */; };
		82ACD60AAD2E9B6E89F70D20 /* DashboardViewModel.swift in Sources */ = {isa = PBXBuildFile; fileRef = 94949E85B6764B161D41FB6A /* DashboardViewModel.swift */; };
		87C2D06273E6DF58E2ED3AA8 /* FinanceExportService.swift in Sources */ = {isa = PBXBuildFile; fileRef = B591B62EE230614943327905 /* FinanceExportService.swift */; };
		8CCB9F952F975BF26736CB52 /* SubscriptionManager.swift in Sources */ = {isa = PBXBuildFile; fileRef = 784FD25611C07CA6E7E86088 /* SubscriptionManager.swift */; };
		8E15C8F5E18CC495CE02E955 /* AppGroupConstants.swift in Sources */ = {isa = PBXBuildFile; fileRef = 37A7A815CDC3778875CA65B3 /* AppGroupConstants.swift */; };
		903329407CB5B2A4C302573D /* SettingsView.swift in Sources */ = {isa = PBXBuildFile; fileRef = 7BB0642F0127090105AD85B2 /* SettingsView.swift */; };
		928C676973927E4B54EACADB /* SubscriptionViewModel.swift in Sources */ = {isa = PBXBuildFile; fileRef = 05878010E0F383B6B8BC29A1 /* SubscriptionViewModel.swift */; };
		954A49D8827711C5B976EEB9 /* FinanceExportEngine.swift in Sources */ = {isa = PBXBuildFile; fileRef = C25481A4F16BB1A3B77AE6F9 /* FinanceExportEngine.swift */; };
		9C906CAACF6CA6CD29C8AF0F /* FundingPlannerEngineTests.swift in Sources */ = {isa = PBXBuildFile; fileRef = 590C5BDFD1C1B55B7DF3ECA8 /* FundingPlannerEngineTests.swift */; };
		A03FEE753AA00FCA5A842492 /* Enums.swift in Sources */ = {isa = PBXBuildFile; fileRef = 6B3B538E45334B823AB53E3A /* Enums.swift */; };
		A109D91D2142BF00AD67F113 /* GmailScanViewModel.swift in Sources */ = {isa = PBXBuildFile; fileRef = 02DA1558AC9AC72F22DBEE02 /* GmailScanViewModel.swift */; };
		A899DC1D9745EEF3014EAF89 /* OneTimePurchaseEngineTests.swift in Sources */ = {isa = PBXBuildFile; fileRef = E253713B75A53F06153CB178 /* OneTimePurchaseEngineTests.swift */; };
		AEAA8290797F3E78AB1BAAAF /* NotificationService.swift in Sources */ = {isa = PBXBuildFile; fileRef = F0A8212ADFAC3215C2034562 /* NotificationService.swift */; };
		AEFB25553C826CEAAA5873E3 /* GmailSignalEngineTests.swift in Sources */ = {isa = PBXBuildFile; fileRef = 350F0B377008722BE4802596 /* GmailSignalEngineTests.swift */; };
		B251888E31FF411B1C77A26A /* WidgetData.swift in Sources */ = {isa = PBXBuildFile; fileRef = FF836713C899BECDB1461094 /* WidgetData.swift */; };
		B6AC9DB751591352386E4975 /* GmailSignalEngine.swift in Sources */ = {isa = PBXBuildFile; fileRef = 6E9950BB11F54D4838E7511E /* GmailSignalEngine.swift */; };
		B7E6966F6B746E8ADFDE46D4 /* FinanceExportEngine.swift in Sources */ = {isa = PBXBuildFile; fileRef = C25481A4F16BB1A3B77AE6F9 /* FinanceExportEngine.swift */; };
		BC61D29ACCAD8C8EF9A738E9 /* FundingPlannerEngine.swift in Sources */ = {isa = PBXBuildFile; fileRef = 65FD4DF45E78A1F29FF7B7CF /* FundingPlannerEngine.swift */; };
		BCF783D6E502442254CE1B24 /* SubscriptionListView.swift in Sources */ = {isa = PBXBuildFile; fileRef = 15650DDA046EDBB37FC189E4 /* SubscriptionListView.swift */; };
		C0BE01BEEA89FA02C727B51B /* Subscription.swift in Sources */ = {isa = PBXBuildFile; fileRef = 9DC237E606F24637F9A601EE /* Subscription.swift */; };
		C1F7DCBF4C6A8E78A693AFB0 /* SubscriptionRowView.swift in Sources */ = {isa = PBXBuildFile; fileRef = 1A1BC882FA3D1C05773EE54C /* SubscriptionRowView.swift */; };
		CA578435421EE44DB986A888 /* NotificationDecisionsTests.swift in Sources */ = {isa = PBXBuildFile; fileRef = 6DE291AAC5E06F17BB6665AF /* NotificationDecisionsTests.swift */; };
		CBC654FE6C6A5191D71A3329 /* CurrencyFormatter.swift in Sources */ = {isa = PBXBuildFile; fileRef = E20B810032AFD162213C3010 /* CurrencyFormatter.swift */; };
		CFFAE1525FB6CC6E88E08961 /* AppGroupConstants.swift in Sources */ = {isa = PBXBuildFile; fileRef = 37A7A815CDC3778875CA65B3 /* AppGroupConstants.swift */; };
		D130F2C4C824287A62FCADC5 /* FundingPlannerEngine.swift in Sources */ = {isa = PBXBuildFile; fileRef = 65FD4DF45E78A1F29FF7B7CF /* FundingPlannerEngine.swift */; };
		D542F53F61A30A57AFDA542D /* GmailModels.swift in Sources */ = {isa = PBXBuildFile; fileRef = 29C3CE2626BACA38FBB03607 /* GmailModels.swift */; };
		DA2979D9AB0642719EF2E19F /* ClaudeAPIService.swift in Sources */ = {isa = PBXBuildFile; fileRef = 6B55B74D53AA2919E0C02778 /* ClaudeAPIService.swift */; };
		DB80C2C72EE370142549A154 /* DashboardView.swift in Sources */ = {isa = PBXBuildFile; fileRef = D3B2537D3EEA1C72F95C43EC /* DashboardView.swift */; };
		DBDFA22A09F44DA6DC33073C /* AddSubscriptionView.swift in Sources */ = {isa = PBXBuildFile; fileRef = DDE34E42C3005BDA8D004BF6 /* AddSubscriptionView.swift */; };
		E19E9B720AE99FFCFBBC6361 /* GmailOAuthService.swift in Sources */ = {isa = PBXBuildFile; fileRef = 3CED70A3E8F7F47053DC1117 /* GmailOAuthService.swift */; };
		E58E399B56BED8CC4F0D0954 /* SubscriptionDetailView.swift in Sources */ = {isa = PBXBuildFile; fileRef = ADE7921A1D581761DFA9FBB3 /* SubscriptionDetailView.swift */; };
		F4660B958CBB4B7070888929 /* WidgetViews.swift in Sources */ = {isa = PBXBuildFile; fileRef = 819E455BDF3D854B1151366C /* WidgetViews.swift */; };
		F56FAF4054CF4CA60ECB6B96 /* SubsTrackerWidgetBundle.swift in Sources */ = {isa = PBXBuildFile; fileRef = 6F7181217A595C249F5060A1 /* SubsTrackerWidgetBundle.swift */; };
		FB925EE4D086F6D15DFBC267 /* GmailScannerService.swift in Sources */ = {isa = PBXBuildFile; fileRef = 90FF483C67D7FDBD986A4F2F /* GmailScannerService.swift */; };
		FC1A194150D32EC38C74063F /* KeychainService.swift in Sources */ = {isa = PBXBuildFile; fileRef = 31108CA3ADA7590E9C6688CE /* KeychainService.swift */; };
/* End PBXBuildFile section */

/* Begin PBXContainerItemProxy section */
		29E9474677D639FB08F8E126 /* PBXContainerItemProxy */ = {
			isa = PBXContainerItemProxy;
			containerPortal = 47DE83BA614872FDEFBD647B /* Project object */;
			proxyType = 1;
			remoteGlobalIDString = 105137F5CED3D4359541B999;
			remoteInfo = SubsTrackerWidget;
		};
/* End PBXContainerItemProxy section */

/* Begin PBXCopyFilesBuildPhase section */
		A465EFFC9DD81ECE99BC8E8A /* Embed Foundation Extensions */ = {
			isa = PBXCopyFilesBuildPhase;
			buildActionMask = 2147483647;
			dstPath = "";
			dstSubfolderSpec = 13;
			files = (
				5A6969CE7EE12B77A47542BE /* SubsTrackerWidget.appex in Embed Foundation Extensions */,
			);
			name = "Embed Foundation Extensions";
			runOnlyForDeploymentPostprocessing = 0;
		};
/* End PBXCopyFilesBuildPhase section */

/* Begin PBXFileReference section */
		02DA1558AC9AC72F22DBEE02 /* GmailScanViewModel.swift */ = {isa = PBXFileReference; lastKnownFileType = sourcecode.swift; path = GmailScanViewModel.swift; sourceTree = "<group>"; };
		05571B43FD75A0147A5C1C19 /* GmailScanReviewView.swift */ = {isa = PBXFileReference; lastKnownFileType = sourcecode.swift; path = GmailScanReviewView.swift; sourceTree = "<group>"; };
		05878010E0F383B6B8BC29A1 /* SubscriptionViewModel.swift */ = {isa = PBXFileReference; lastKnownFileType = sourcecode.swift; path = SubscriptionViewModel.swift; sourceTree = "<group>"; };
		0CCEE6D100A11E5F433A4D30 /* OpenAIUsageView.swift */ = {isa = PBXFileReference; lastKnownFileType = sourcecode.swift; path = OpenAIUsageView.swift; sourceTree = "<group>"; };
		11613571515348A97F3AA4DE /* NotificationDecisions.swift */ = {isa = PBXFileReference; lastKnownFileType = sourcecode.swift; path = NotificationDecisions.swift; sourceTree = "<group>"; };
		15650DDA046EDBB37FC189E4 /* SubscriptionListView.swift */ = {isa = PBXFileReference; lastKnownFileType = sourcecode.swift; path = SubscriptionListView.swift; sourceTree = "<group>"; };
		1A1BC882FA3D1C05773EE54C /* SubscriptionRowView.swift */ = {isa = PBXFileReference; lastKnownFileType = sourcecode.swift; path = SubscriptionRowView.swift; sourceTree = "<group>"; };
		2868D79781237129D353FFB5 /* ClaudeUsageView.swift */ = {isa = PBXFileReference; lastKnownFileType = sourcecode.swift; path = ClaudeUsageView.swift; sourceTree = "<group>"; };
		29C3CE2626BACA38FBB03607 /* GmailModels.swift */ = {isa = PBXFileReference; lastKnownFileType = sourcecode.swift; path = GmailModels.swift; sourceTree = "<group>"; };
		31108CA3ADA7590E9C6688CE /* KeychainService.swift */ = {isa = PBXFileReference; lastKnownFileType = sourcecode.swift; path = KeychainService.swift; sourceTree = "<group>"; };
		350F0B377008722BE4802596 /* GmailSignalEngineTests.swift */ = {isa = PBXFileReference; lastKnownFileType = sourcecode.swift; path = GmailSignalEngineTests.swift; sourceTree = "<group>"; };
		37A7A815CDC3778875CA65B3 /* AppGroupConstants.swift */ = {isa = PBXFileReference; lastKnownFileType = sourcecode.swift; path = AppGroupConstants.swift; sourceTree = "<group>"; };
		3CED70A3E8F7F47053DC1117 /* GmailOAuthService.swift */ = {isa = PBXFileReference; lastKnownFileType = sourcecode.swift; path = GmailOAuthService.swift; sourceTree = "<group>"; };
		3F8C17D06207EB3BFFE1F796 /* SubsTracker.app */ = {isa = PBXFileReference; explicitFileType = wrapper.application; includeInIndex = 0; path = SubsTracker.app; sourceTree = BUILT_PRODUCTS_DIR; };
		590C5BDFD1C1B55B7DF3ECA8 /* FundingPlannerEngineTests.swift */ = {isa = PBXFileReference; lastKnownFileType = sourcecode.swift; path = FundingPlannerEngineTests.swift; sourceTree = "<group>"; };
		5A48B9187892CFE047769A4F /* UsageRecord.swift */ = {isa = PBXFileReference; lastKnownFileType = sourcecode.swift; path = UsageRecord.swift; sourceTree = "<group>"; };
		5CEAE6B70AD9498CAD505117 /* SubsTrackerWidget.appex */ = {isa = PBXFileReference; explicitFileType = "wrapper.app-extension"; includeInIndex = 0; path = SubsTrackerWidget.appex; sourceTree = BUILT_PRODUCTS_DIR; };
		5E246A94F529EB9B6A017E3D /* UsageChartView.swift */ = {isa = PBXFileReference; lastKnownFileType = sourcecode.swift; path = UsageChartView.swift; sourceTree = "<group>"; };
		6519BC7AD1FAF0EDF4F98909 /* SubsTrackerTests.xctest */ = {isa = PBXFileReference; explicitFileType = wrapper.cfbundle; includeInIndex = 0; path = SubsTrackerTests.xctest; sourceTree = BUILT_PRODUCTS_DIR; };
		657E213F8205572CB9698552 /* CodexLocalService.swift */ = {isa = PBXFileReference; lastKnownFileType = sourcecode.swift; path = CodexLocalService.swift; sourceTree = "<group>"; };
		65FD4DF45E78A1F29FF7B7CF /* FundingPlannerEngine.swift */ = {isa = PBXFileReference; lastKnownFileType = sourcecode.swift; path = FundingPlannerEngine.swift; sourceTree = "<group>"; };
		6B3B538E45334B823AB53E3A /* Enums.swift */ = {isa = PBXFileReference; lastKnownFileType = sourcecode.swift; path = Enums.swift; sourceTree = "<group>"; };
		6B55B74D53AA2919E0C02778 /* ClaudeAPIService.swift */ = {isa = PBXFileReference; lastKnownFileType = sourcecode.swift; path = ClaudeAPIService.swift; sourceTree = "<group>"; };
		6C320727B46B68A25DF5AF84 /* SubsTrackerWidget.swift */ = {isa = PBXFileReference; lastKnownFileType = sourcecode.swift; path = SubsTrackerWidget.swift; sourceTree = "<group>"; };
		6DE291AAC5E06F17BB6665AF /* NotificationDecisionsTests.swift */ = {isa = PBXFileReference; lastKnownFileType = sourcecode.swift; path = NotificationDecisionsTests.swift; sourceTree = "<group>"; };
		6E9950BB11F54D4838E7511E /* GmailSignalEngine.swift */ = {isa = PBXFileReference; lastKnownFileType = sourcecode.swift; path = GmailSignalEngine.swift; sourceTree = "<group>"; };
		6F7181217A595C249F5060A1 /* SubsTrackerWidgetBundle.swift */ = {isa = PBXFileReference; lastKnownFileType = sourcecode.swift; path = SubsTrackerWidgetBundle.swift; sourceTree = "<group>"; };
		72A69423B0EF440E1CFE4D81 /* OpenAIUsageService.swift */ = {isa = PBXFileReference; lastKnownFileType = sourcecode.swift; path = OpenAIUsageService.swift; sourceTree = "<group>"; };
		784FD25611C07CA6E7E86088 /* SubscriptionManager.swift */ = {isa = PBXFileReference; lastKnownFileType = sourcecode.swift; path = SubscriptionManager.swift; sourceTree = "<group>"; };
		7BB0642F0127090105AD85B2 /* SettingsView.swift */ = {isa = PBXFileReference; lastKnownFileType = sourcecode.swift; path = SettingsView.swift; sourceTree = "<group>"; };
		819E455BDF3D854B1151366C /* WidgetViews.swift */ = {isa = PBXFileReference; lastKnownFileType = sourcecode.swift; path = WidgetViews.swift; sourceTree = "<group>"; };
		85C73D081FD9C80B0E93B773 /* ScanProgressBanner.swift */ = {isa = PBXFileReference; lastKnownFileType = sourcecode.swift; path = ScanProgressBanner.swift; sourceTree = "<group>"; };
		85DEE776A9266BA231AEB578 /* UtilizationBarView.swift */ = {isa = PBXFileReference; lastKnownFileType = sourcecode.swift; path = UtilizationBarView.swift; sourceTree = "<group>"; };
		8F2E63407813F784022CE601 /* ClaudeCodeLocalService.swift */ = {isa = PBXFileReference; lastKnownFileType = sourcecode.swift; path = ClaudeCodeLocalService.swift; sourceTree = "<group>"; };
		90FF483C67D7FDBD986A4F2F /* GmailScannerService.swift */ = {isa = PBXFileReference; lastKnownFileType = sourcecode.swift; path = GmailScannerService.swift; sourceTree = "<group>"; };
		94949E85B6764B161D41FB6A /* DashboardViewModel.swift */ = {isa = PBXFileReference; lastKnownFileType = sourcecode.swift; path = DashboardViewModel.swift; sourceTree = "<group>"; };
		9DC237E606F24637F9A601EE /* Subscription.swift */ = {isa = PBXFileReference; lastKnownFileType = sourcecode.swift; path = Subscription.swift; sourceTree = "<group>"; };
		ADE7921A1D581761DFA9FBB3 /* SubscriptionDetailView.swift */ = {isa = PBXFileReference; lastKnownFileType = sourcecode.swift; path = SubscriptionDetailView.swift; sourceTree = "<group>"; };
		B591B62EE230614943327905 /* FinanceExportService.swift */ = {isa = PBXFileReference; lastKnownFileType = sourcecode.swift; path = FinanceExportService.swift; sourceTree = "<group>"; };
		C1AAF0680827A86906A94BF4 /* SubsTrackerApp.swift */ = {isa = PBXFileReference; lastKnownFileType = sourcecode.swift; path = SubsTrackerApp.swift; sourceTree = "<group>"; };
		C25481A4F16BB1A3B77AE6F9 /* FinanceExportEngine.swift */ = {isa = PBXFileReference; lastKnownFileType = sourcecode.swift; path = FinanceExportEngine.swift; sourceTree = "<group>"; };
		C4BEB6BFB8E492B9D82B0C0B /* FinanceExportEngineTests.swift */ = {isa = PBXFileReference; lastKnownFileType = sourcecode.swift; path = FinanceExportEngineTests.swift; sourceTree = "<group>"; };
		CD4668E14DAEDB5024C93EB3 /* UsageViewModel.swift */ = {isa = PBXFileReference; lastKnownFileType = sourcecode.swift; path = UsageViewModel.swift; sourceTree = "<group>"; };
		D2A18C3CEA59E3D7F16F3289 /* OneTimePurchase.swift */ = {isa = PBXFileReference; lastKnownFileType = sourcecode.swift; path = OneTimePurchase.swift; sourceTree = "<group>"; };
		D3B2537D3EEA1C72F95C43EC /* DashboardView.swift */ = {isa = PBXFileReference; lastKnownFileType = sourcecode.swift; path = DashboardView.swift; sourceTree = "<group>"; };
		D94D448CB35A6BB35F9E82F8 /* OneTimePurchaseEngine.swift */ = {isa = PBXFileReference; lastKnownFileType = sourcecode.swift; path = OneTimePurchaseEngine.swift; sourceTree = "<group>"; };
		DDE34E42C3005BDA8D004BF6 /* AddSubscriptionView.swift */ = {isa = PBXFileReference; lastKnownFileType = sourcecode.swift; path = AddSubscriptionView.swift; sourceTree = "<group>"; };
		E09DFFED04A2B76E346541A6 /* Assets.xcassets */ = {isa = PBXFileReference; lastKnownFileType = folder.assetcatalog; path = Assets.xcassets; sourceTree = "<group>"; };
		E20B810032AFD162213C3010 /* CurrencyFormatter.swift */ = {isa = PBXFileReference; lastKnownFileType = sourcecode.swift; path = CurrencyFormatter.swift; sourceTree = "<group>"; };
		E253713B75A53F06153CB178 /* OneTimePurchaseEngineTests.swift */ = {isa = PBXFileReference; lastKnownFileType = sourcecode.swift; path = OneTimePurchaseEngineTests.swift; sourceTree = "<group>"; };
		F0A8212ADFAC3215C2034562 /* NotificationService.swift */ = {isa = PBXFileReference; lastKnownFileType = sourcecode.swift; path = NotificationService.swift; sourceTree = "<group>"; };
		F6A9F1A3A6E8DAA618381F6B /* GmailSettingsSection.swift */ = {isa = PBXFileReference; lastKnownFileType = sourcecode.swift; path = GmailSettingsSection.swift; sourceTree = "<group>"; };
		FF836713C899BECDB1461094 /* WidgetData.swift */ = {isa = PBXFileReference; lastKnownFileType = sourcecode.swift; path = WidgetData.swift; sourceTree = "<group>"; };
/* End PBXFileReference section */

/* Begin PBXGroup section */
		0AF994F2C8D677ACE1F2A4E8 /* Usage */ = {
			isa = PBXGroup;
			children = (
				2868D79781237129D353FFB5 /* ClaudeUsageView.swift */,
				0CCEE6D100A11E5F433A4D30 /* OpenAIUsageView.swift */,
			);
			path = Usage;
			sourceTree = "<group>";
		};
		0CD31BDC9C4816F3979A1E1B /* App */ = {
			isa = PBXGroup;
			children = (
				C1AAF0680827A86906A94BF4 /* SubsTrackerApp.swift */,
			);
			path = App;
			sourceTree = "<group>";
		};
		2C847B3B6107033D87727EF6 = {
			isa = PBXGroup;
			children = (
				A809DA2C230B1DEB4306FD3A /* Shared */,
				DE3ABC72922CFFAAA4852B20 /* SubsTracker */,
				535BC56D4C117365BA478569 /* SubsTrackerTests */,
				7B3432F7C8806119CDF9AE27 /* SubsTrackerWidget */,
				A5E7C48C34ADC7D3156CFF35 /* Products */,
			);
			sourceTree = "<group>";
		};
		2E5DD60C7AABBFAA5877C35A /* Settings */ = {
			isa = PBXGroup;
			children = (
				7BB0642F0127090105AD85B2 /* SettingsView.swift */,
			);
			path = Settings;
			sourceTree = "<group>";
		};
		402E51956AD2AB29A8C49FCD /* Models */ = {
			isa = PBXGroup;
			children = (
				6B3B538E45334B823AB53E3A /* Enums.swift */,
				29C3CE2626BACA38FBB03607 /* GmailModels.swift */,
				D2A18C3CEA59E3D7F16F3289 /* OneTimePurchase.swift */,
				9DC237E606F24637F9A601EE /* Subscription.swift */,
				5A48B9187892CFE047769A4F /* UsageRecord.swift */,
			);
			path = Models;
			sourceTree = "<group>";
		};
		4E7E3B1A3570A43332C76873 /* Dashboard */ = {
			isa = PBXGroup;
			children = (
				D3B2537D3EEA1C72F95C43EC /* DashboardView.swift */,
			);
			path = Dashboard;
			sourceTree = "<group>";
		};
		535BC56D4C117365BA478569 /* SubsTrackerTests */ = {
			isa = PBXGroup;
			children = (
				C4BEB6BFB8E492B9D82B0C0B /* FinanceExportEngineTests.swift */,
				590C5BDFD1C1B55B7DF3ECA8 /* FundingPlannerEngineTests.swift */,
				350F0B377008722BE4802596 /* GmailSignalEngineTests.swift */,
				6DE291AAC5E06F17BB6665AF /* NotificationDecisionsTests.swift */,
				E253713B75A53F06153CB178 /* OneTimePurchaseEngineTests.swift */,
			);
			path = SubsTrackerTests;
			sourceTree = "<group>";
		};
		5F0ABCA3B6B6662E9AFBD070 /* Components */ = {
			isa = PBXGroup;
			children = (
				85C73D081FD9C80B0E93B773 /* ScanProgressBanner.swift */,
				1A1BC882FA3D1C05773EE54C /* SubscriptionRowView.swift */,
				5E246A94F529EB9B6A017E3D /* UsageChartView.swift */,
				85DEE776A9266BA231AEB578 /* UtilizationBarView.swift */,
			);
			path = Components;
			sourceTree = "<group>";
		};
		7B3432F7C8806119CDF9AE27 /* SubsTrackerWidget */ = {
			isa = PBXGroup;
			children = (
				6C320727B46B68A25DF5AF84 /* SubsTrackerWidget.swift */,
				6F7181217A595C249F5060A1 /* SubsTrackerWidgetBundle.swift */,
				819E455BDF3D854B1151366C /* WidgetViews.swift */,
			);
			path = SubsTrackerWidget;
			sourceTree = "<group>";
		};
		883A219AEDFC09E608458EDB /* ViewModels */ = {
			isa = PBXGroup;
			children = (
				94949E85B6764B161D41FB6A /* DashboardViewModel.swift */,
				02DA1558AC9AC72F22DBEE02 /* GmailScanViewModel.swift */,
				05878010E0F383B6B8BC29A1 /* SubscriptionViewModel.swift */,
				CD4668E14DAEDB5024C93EB3 /* UsageViewModel.swift */,
			);
			path = ViewModels;
			sourceTree = "<group>";
		};
		9C5E00ACE25A02CCB6D8AAF5 /* Gmail */ = {
			isa = PBXGroup;
			children = (
				05571B43FD75A0147A5C1C19 /* GmailScanReviewView.swift */,
				F6A9F1A3A6E8DAA618381F6B /* GmailSettingsSection.swift */,
			);
			path = Gmail;
			sourceTree = "<group>";
		};
		A5E7C48C34ADC7D3156CFF35 /* Products */ = {
			isa = PBXGroup;
			children = (
				3F8C17D06207EB3BFFE1F796 /* SubsTracker.app */,
				6519BC7AD1FAF0EDF4F98909 /* SubsTrackerTests.xctest */,
				5CEAE6B70AD9498CAD505117 /* SubsTrackerWidget.appex */,
			);
			name = Products;
			sourceTree = "<group>";
		};
		A809DA2C230B1DEB4306FD3A /* Shared */ = {
			isa = PBXGroup;
			children = (
				37A7A815CDC3778875CA65B3 /* AppGroupConstants.swift */,
				E20B810032AFD162213C3010 /* CurrencyFormatter.swift */,
				FF836713C899BECDB1461094 /* WidgetData.swift */,
			);
			path = Shared;
			sourceTree = "<group>";
		};
		AD06DFEB6C9EE086DDF8C42E /* Resources */ = {
			isa = PBXGroup;
			children = (
				E09DFFED04A2B76E346541A6 /* Assets.xcassets */,
			);
			path = Resources;
			sourceTree = "<group>";
		};
		AE8A9C6F0E99E84A18A3D8A3 /* Services */ = {
			isa = PBXGroup;
			children = (
				6B55B74D53AA2919E0C02778 /* ClaudeAPIService.swift */,
				8F2E63407813F784022CE601 /* ClaudeCodeLocalService.swift */,
				657E213F8205572CB9698552 /* CodexLocalService.swift */,
				C25481A4F16BB1A3B77AE6F9 /* FinanceExportEngine.swift */,
				B591B62EE230614943327905 /* FinanceExportService.swift */,
				65FD4DF45E78A1F29FF7B7CF /* FundingPlannerEngine.swift */,
				3CED70A3E8F7F47053DC1117 /* GmailOAuthService.swift */,
				90FF483C67D7FDBD986A4F2F /* GmailScannerService.swift */,
				6E9950BB11F54D4838E7511E /* GmailSignalEngine.swift */,
				31108CA3ADA7590E9C6688CE /* KeychainService.swift */,
				11613571515348A97F3AA4DE /* NotificationDecisions.swift */,
				F0A8212ADFAC3215C2034562 /* NotificationService.swift */,
				D94D448CB35A6BB35F9E82F8 /* OneTimePurchaseEngine.swift */,
				72A69423B0EF440E1CFE4D81 /* OpenAIUsageService.swift */,
				784FD25611C07CA6E7E86088 /* SubscriptionManager.swift */,
			);
			path = Services;
			sourceTree = "<group>";
		};
		BB34E495281ECBCF3B122444 /* Views */ = {
			isa = PBXGroup;
			children = (
				5F0ABCA3B6B6662E9AFBD070 /* Components */,
				4E7E3B1A3570A43332C76873 /* Dashboard */,
				9C5E00ACE25A02CCB6D8AAF5 /* Gmail */,
				2E5DD60C7AABBFAA5877C35A /* Settings */,
				EAD68F81EE31C56AF947C17E /* Subscriptions */,
				0AF994F2C8D677ACE1F2A4E8 /* Usage */,
			);
			path = Views;
			sourceTree = "<group>";
		};
		DE3ABC72922CFFAAA4852B20 /* SubsTracker */ = {
			isa = PBXGroup;
			children = (
				0CD31BDC9C4816F3979A1E1B /* App */,
				402E51956AD2AB29A8C49FCD /* Models */,
				AD06DFEB6C9EE086DDF8C42E /* Resources */,
				AE8A9C6F0E99E84A18A3D8A3 /* Services */,
				883A219AEDFC09E608458EDB /* ViewModels */,
				BB34E495281ECBCF3B122444 /* Views */,
			);
			path = SubsTracker;
			sourceTree = "<group>";
		};
		EAD68F81EE31C56AF947C17E /* Subscriptions */ = {
			isa = PBXGroup;
			children = (
				DDE34E42C3005BDA8D004BF6 /* AddSubscriptionView.swift */,
				ADE7921A1D581761DFA9FBB3 /* SubscriptionDetailView.swift */,
				15650DDA046EDBB37FC189E4 /* SubscriptionListView.swift */,
			);
			path = Subscriptions;
			sourceTree = "<group>";
		};
/* End PBXGroup section */

/* Begin PBXNativeTarget section */
		105137F5CED3D4359541B999 /* SubsTrackerWidget */ = {
			isa = PBXNativeTarget;
			buildConfigurationList = 48038CB9825F025490B6DEB4 /* Build configuration list for PBXNativeTarget "SubsTrackerWidget" */;
			buildPhases = (
				F1D1BE0EF51F56195B3813AD /* Sources */,
			);
			buildRules = (
			);
			dependencies = (
			);
			name = SubsTrackerWidget;
			packageProductDependencies = (
			);
			productName = SubsTrackerWidget;
			productReference = 5CEAE6B70AD9498CAD505117 /* SubsTrackerWidget.appex */;
			productType = "com.apple.product-type.app-extension";
		};
		711310EB5162190FEE60668B /* SubsTracker */ = {
			isa = PBXNativeTarget;
			buildConfigurationList = D0F514DEAA9817024216576D /* Build configuration list for PBXNativeTarget "SubsTracker" */;
			buildPhases = (
				D348060FB62FFC701D293D04 /* Sources */,
				40A40FA2E919E06CC945A962 /* Resources */,
				A465EFFC9DD81ECE99BC8E8A /* Embed Foundation Extensions */,
			);
			buildRules = (
			);
			dependencies = (
				CC7BC3283CCBF235E5BB610E /* PBXTargetDependency */,
			);
			name = SubsTracker;
			packageProductDependencies = (
			);
			productName = SubsTracker;
			productReference = 3F8C17D06207EB3BFFE1F796 /* SubsTracker.app */;
			productType = "com.apple.product-type.application";
		};
		8EDC4BA2EEDE7BF4471FF1D5 /* SubsTrackerTests */ = {
			isa = PBXNativeTarget;
			buildConfigurationList = DC4EEB5A31920B23B1F2E65D /* Build configuration list for PBXNativeTarget "SubsTrackerTests" */;
			buildPhases = (
				83333C3592D63D43732AA84A /* Sources */,
			);
			buildRules = (
			);
			dependencies = (
			);
			name = SubsTrackerTests;
			packageProductDependencies = (
			);
			productName = SubsTrackerTests;
			productReference = 6519BC7AD1FAF0EDF4F98909 /* SubsTrackerTests.xctest */;
			productType = "com.apple.product-type.bundle.unit-test";
		};
/* End PBXNativeTarget section */

/* Begin PBXProject section */
		47DE83BA614872FDEFBD647B /* Project object */ = {
			isa = PBXProject;
			attributes = {
				BuildIndependentTargetsInParallel = YES;
				LastUpgradeCheck = 1620;
				TargetAttributes = {
					105137F5CED3D4359541B999 = {
						DevelopmentTeam = YOUR_TEAM_ID;
						ProvisioningStyle = Automatic;
					};
					711310EB5162190FEE60668B = {
						DevelopmentTeam = YOUR_TEAM_ID;
						ProvisioningStyle = Automatic;
					};
				};
			};
			buildConfigurationList = 93765209B3C0D92E6C4D02F2 /* Build configuration list for PBXProject "SubsTracker" */;
			compatibilityVersion = "Xcode 14.0";
			developmentRegion = en;
			hasScannedForEncodings = 0;
			knownRegions = (
				Base,
				en,
			);
			mainGroup = 2C847B3B6107033D87727EF6;
			minimizedProjectReferenceProxies = 1;
			preferredProjectObjectVersion = 77;
			projectDirPath = "";
			projectRoot = "";
			targets = (
				711310EB5162190FEE60668B /* SubsTracker */,
				8EDC4BA2EEDE7BF4471FF1D5 /* SubsTrackerTests */,
				105137F5CED3D4359541B999 /* SubsTrackerWidget */,
			);
		};
/* End PBXProject section */

/* Begin PBXResourcesBuildPhase section */
		40A40FA2E919E06CC945A962 /* Resources */ = {
			isa = PBXResourcesBuildPhase;
			buildActionMask = 2147483647;
			files = (
				51756EB01271F7EC9BDBBEFA /* Assets.xcassets in Resources */,
			);
			runOnlyForDeploymentPostprocessing = 0;
		};
/* End PBXResourcesBuildPhase section */

/* Begin PBXSourcesBuildPhase section */
		83333C3592D63D43732AA84A /* Sources */ = {
			isa = PBXSourcesBuildPhase;
			buildActionMask = 2147483647;
			files = (
				0F3BD5A6829CB13C62D1A0F0 /* Enums.swift in Sources */,
				B7E6966F6B746E8ADFDE46D4 /* FinanceExportEngine.swift in Sources */,
				3BBF5E3CED24D2E43A8DB473 /* FinanceExportEngineTests.swift in Sources */,
				BC61D29ACCAD8C8EF9A738E9 /* FundingPlannerEngine.swift in Sources */,
				9C906CAACF6CA6CD29C8AF0F /* FundingPlannerEngineTests.swift in Sources */,
				D542F53F61A30A57AFDA542D /* GmailModels.swift in Sources */,
				5171F2AD81AD9F100DB11E21 /* GmailSignalEngine.swift in Sources */,
				AEFB25553C826CEAAA5873E3 /* GmailSignalEngineTests.swift in Sources */,
				6941C2369B8A6574BE257896 /* NotificationDecisions.swift in Sources */,
				CA578435421EE44DB986A888 /* NotificationDecisionsTests.swift in Sources */,
				2384206487498CB677BEB9AF /* OneTimePurchaseEngine.swift in Sources */,
				A899DC1D9745EEF3014EAF89 /* OneTimePurchaseEngineTests.swift in Sources */,
			);
			runOnlyForDeploymentPostprocessing = 0;
		};
		D348060FB62FFC701D293D04 /* Sources */ = {
			isa = PBXSourcesBuildPhase;
			buildActionMask = 2147483647;
			files = (
				DBDFA22A09F44DA6DC33073C /* AddSubscriptionView.swift in Sources */,
				8E15C8F5E18CC495CE02E955 /* AppGroupConstants.swift in Sources */,
				DA2979D9AB0642719EF2E19F /* ClaudeAPIService.swift in Sources */,
				613785BBF9055E538A084725 /* ClaudeCodeLocalService.swift in Sources */,
				22464A9A8F8AD7361E1511DD /* ClaudeUsageView.swift in Sources */,
				738E9F2B6F263EEE805913BE /* CodexLocalService.swift in Sources */,
				CBC654FE6C6A5191D71A3329 /* CurrencyFormatter.swift in Sources */,
				DB80C2C72EE370142549A154 /* DashboardView.swift in Sources */,
				82ACD60AAD2E9B6E89F70D20 /* DashboardViewModel.swift in Sources */,
				A03FEE753AA00FCA5A842492 /* Enums.swift in Sources */,
				954A49D8827711C5B976EEB9 /* FinanceExportEngine.swift in Sources */,
				87C2D06273E6DF58E2ED3AA8 /* FinanceExportService.swift in Sources */,
				D130F2C4C824287A62FCADC5 /* FundingPlannerEngine.swift in Sources */,
				01F3C02F3C274856D6D7CBF2 /* GmailModels.swift in Sources */,
				E19E9B720AE99FFCFBBC6361 /* GmailOAuthService.swift in Sources */,
				5ECE3343B256BDAA865B32C0 /* GmailScanReviewView.swift in Sources */,
				A109D91D2142BF00AD67F113 /* GmailScanViewModel.swift in Sources */,
				FB925EE4D086F6D15DFBC267 /* GmailScannerService.swift in Sources */,
				126750A0D1BEC6C998408E19 /* GmailSettingsSection.swift in Sources */,
				B6AC9DB751591352386E4975 /* GmailSignalEngine.swift in Sources */,
				FC1A194150D32EC38C74063F /* KeychainService.swift in Sources */,
				0C40B06FD1860993C330516E /* NotificationDecisions.swift in Sources */,
				AEAA8290797F3E78AB1BAAAF /* NotificationService.swift in Sources */,
				071D968D513347BCA156AB3A /* OneTimePurchase.swift in Sources */,
				0E45E86762FDFCC280A8B47D /* OneTimePurchaseEngine.swift in Sources */,
				160792F6A47211413C8E6A6F /* OpenAIUsageService.swift in Sources */,
				7DBFD58696FB6488E30C44A1 /* OpenAIUsageView.swift in Sources */,
				03D5C2EAE60EEC4B9D772CF4 /* ScanProgressBanner.swift in Sources */,
				903329407CB5B2A4C302573D /* SettingsView.swift in Sources */,
				3D27BD20C05DD844445085D3 /* SubsTrackerApp.swift in Sources */,
				C0BE01BEEA89FA02C727B51B /* Subscription.swift in Sources */,
				E58E399B56BED8CC4F0D0954 /* SubscriptionDetailView.swift in Sources */,
				BCF783D6E502442254CE1B24 /* SubscriptionListView.swift in Sources */,
				8CCB9F952F975BF26736CB52 /* SubscriptionManager.swift in Sources */,
				C1F7DCBF4C6A8E78A693AFB0 /* SubscriptionRowView.swift in Sources */,
				928C676973927E4B54EACADB /* SubscriptionViewModel.swift in Sources */,
				53ECFA7570052878A0F54021 /* UsageChartView.swift in Sources */,
				6EC5A4E8F95463453066B589 /* UsageRecord.swift in Sources */,
				534B6454316B332104962645 /* UsageViewModel.swift in Sources */,
				32C172D11ACD1720B09AFAF2 /* UtilizationBarView.swift in Sources */,
				70B127A2A02F5EDC91F0424D /* WidgetData.swift in Sources */,
			);
			runOnlyForDeploymentPostprocessing = 0;
		};
		F1D1BE0EF51F56195B3813AD /* Sources */ = {
			isa = PBXSourcesBuildPhase;
			buildActionMask = 2147483647;
			files = (
				CFFAE1525FB6CC6E88E08961 /* AppGroupConstants.swift in Sources */,
				5ED5A7A9EEB52409C05AC888 /* CurrencyFormatter.swift in Sources */,
				1315238787131E3677A14D14 /* SubsTrackerWidget.swift in Sources */,
				F56FAF4054CF4CA60ECB6B96 /* SubsTrackerWidgetBundle.swift in Sources */,
				B251888E31FF411B1C77A26A /* WidgetData.swift in Sources */,
				F4660B958CBB4B7070888929 /* WidgetViews.swift in Sources */,
			);
			runOnlyForDeploymentPostprocessing = 0;
		};
/* End PBXSourcesBuildPhase section */

/* Begin PBXTargetDependency section */
		CC7BC3283CCBF235E5BB610E /* PBXTargetDependency */ = {
			isa = PBXTargetDependency;
			target = 105137F5CED3D4359541B999 /* SubsTrackerWidget */;
			targetProxy = 29E9474677D639FB08F8E126 /* PBXContainerItemProxy */;
		};
/* End PBXTargetDependency section */

/* Begin XCBuildConfiguration section */
		2DB1DBB2393E3C82AF374E55 /* Release */ = {
			isa = XCBuildConfiguration;
			buildSettings = {
				ASSETCATALOG_COMPILER_APPICON_NAME = AppIcon;
				ASSETCATALOG_COMPILER_GLOBAL_ACCENT_COLOR_NAME = AccentColor;
				CODE_SIGN_ENTITLEMENTS = SubsTracker/SubsTracker.entitlements;
				CODE_SIGN_IDENTITY = "Apple Development";
				CODE_SIGN_STYLE = Automatic;
				COMBINE_HIDPI_IMAGES = YES;
				CURRENT_PROJECT_VERSION = 1;
				DEVELOPMENT_TEAM = YOUR_TEAM_ID;
				ENABLE_PREVIEWS = YES;
				GENERATE_INFOPLIST_FILE = YES;
				INFOPLIST_GENERATION_CLASS = "";
				INFOPLIST_KEY_LSApplicationCategoryType = "public.app-category.finance";
				INFOPLIST_KEY_NSHumanReadableCopyright = "";
				LD_RUNPATH_SEARCH_PATHS = (
					"$(inherited)",
					"@executable_path/../Frameworks",
				);
				MARKETING_VERSION = 1.0.0;
				PRODUCT_BUNDLE_IDENTIFIER = com.owerhintdel.substracker;
				PRODUCT_NAME = SubsTracker;
				SDKROOT = macosx;
				SWIFT_EMIT_LOC_STRINGS = YES;
			};
			name = Release;
		};
		3435CBE23AA2CF94D7F367C8 /* Release */ = {
			isa = XCBuildConfiguration;
			buildSettings = {
				CODE_SIGN_ENTITLEMENTS = SubsTrackerWidget/SubsTrackerWidget.entitlements;
				CODE_SIGN_IDENTITY = "Apple Development";
				CODE_SIGN_STYLE = Automatic;
				COMBINE_HIDPI_IMAGES = YES;
				CURRENT_PROJECT_VERSION = 1;
				DEVELOPMENT_TEAM = YOUR_TEAM_ID;
				GENERATE_INFOPLIST_FILE = YES;
				INFOPLIST_KEY_NSHumanReadableCopyright = "";
				LD_RUNPATH_SEARCH_PATHS = "$(inherited) @executable_path/../Frameworks @executable_path/../../../../Frameworks";
				MARKETING_VERSION = 1.0.0;
				PRODUCT_BUNDLE_IDENTIFIER = com.owerhintdel.substracker.widget;
				PRODUCT_NAME = SubsTrackerWidget;
				SDKROOT = macosx;
			};
			name = Release;
		};
		3874D70EA028C24C1A8579E8 /* Debug */ = {
			isa = XCBuildConfiguration;
			buildSettings = {
				ALWAYS_SEARCH_USER_PATHS = NO;
				CLANG_ANALYZER_NONNULL = YES;
				CLANG_ANALYZER_NUMBER_OBJECT_CONVERSION = YES_AGGRESSIVE;
				CLANG_CXX_LANGUAGE_STANDARD = "gnu++14";
				CLANG_CXX_LIBRARY = "libc++";
				CLANG_ENABLE_MODULES = YES;
				CLANG_ENABLE_OBJC_ARC = YES;
				CLANG_ENABLE_OBJC_WEAK = YES;
				CLANG_WARN_BLOCK_CAPTURE_AUTORELEASING = YES;
				CLANG_WARN_BOOL_CONVERSION = YES;
				CLANG_WARN_COMMA = YES;
				CLANG_WARN_CONSTANT_CONVERSION = YES;
				CLANG_WARN_DEPRECATED_OBJC_IMPLEMENTATIONS = YES;
				CLANG_WARN_DIRECT_OBJC_ISA_USAGE = YES_ERROR;
				CLANG_WARN_DOCUMENTATION_COMMENTS = YES;
				CLANG_WARN_EMPTY_BODY = YES;
				CLANG_WARN_ENUM_CONVERSION = YES;
				CLANG_WARN_INFINITE_RECURSION = YES;
				CLANG_WARN_INT_CONVERSION = YES;
				CLANG_WARN_NON_LITERAL_NULL_CONVERSION = YES;
				CLANG_WARN_OBJC_IMPLICIT_RETAIN_SELF = YES;
				CLANG_WARN_OBJC_LITERAL_CONVERSION = YES;
				CLANG_WARN_OBJC_ROOT_CLASS = YES_ERROR;
				CLANG_WARN_QUOTED_INCLUDE_IN_FRAMEWORK_HEADER = YES;
				CLANG_WARN_RANGE_LOOP_ANALYSIS = YES;
				CLANG_WARN_STRICT_PROTOTYPES = YES;
				CLANG_WARN_SUSPICIOUS_MOVE = YES;
				CLANG_WARN_UNGUARDED_AVAILABILITY = YES_AGGRESSIVE;
				CLANG_WARN_UNREACHABLE_CODE = YES;
				CLANG_WARN__DUPLICATE_METHOD_MATCH = YES;
				COPY_PHASE_STRIP = NO;
				DEBUG_INFORMATION_FORMAT = dwarf;
				ENABLE_STRICT_OBJC_MSGSEND = YES;
				ENABLE_TESTABILITY = YES;
				GCC_C_LANGUAGE_STANDARD = gnu11;
				GCC_DYNAMIC_NO_PIC = NO;
				GCC_NO_COMMON_BLOCKS = YES;
				GCC_OPTIMIZATION_LEVEL = 0;
				GCC_PREPROCESSOR_DEFINITIONS = (
					"$(inherited)",
					"DEBUG=1",
				);
				GCC_WARN_64_TO_32_BIT_CONVERSION = YES;
				GCC_WARN_ABOUT_RETURN_TYPE = YES_ERROR;
				GCC_WARN_UNDECLARED_SELECTOR = YES;
				GCC_WARN_UNINITIALIZED_AUTOS = YES_AGGRESSIVE;
				GCC_WARN_UNUSED_FUNCTION = YES;
				GCC_WARN_UNUSED_VARIABLE = YES;
				MACOSX_DEPLOYMENT_TARGET = 14.0;
				MTL_ENABLE_DEBUG_INFO = INCLUDE_SOURCE;
				MTL_FAST_MATH = YES;
				ONLY_ACTIVE_ARCH = YES;
				PRODUCT_NAME = "$(TARGET_NAME)";
				SDKROOT = macosx;
				SWIFT_ACTIVE_COMPILATION_CONDITIONS = DEBUG;
				SWIFT_OPTIMIZATION_LEVEL = "-Onone";
				SWIFT_VERSION = 5.9;
			};
			name = Debug;
		};
		4BCCB7C61CAD6CB56011281F /* Debug */ = {
			isa = XCBuildConfiguration;
			buildSettings = {
				ASSETCATALOG_COMPILER_APPICON_NAME = AppIcon;
				ASSETCATALOG_COMPILER_GLOBAL_ACCENT_COLOR_NAME = AccentColor;
				CODE_SIGN_ENTITLEMENTS = SubsTracker/SubsTracker.entitlements;
				CODE_SIGN_IDENTITY = "Apple Development";
				CODE_SIGN_STYLE = Automatic;
				COMBINE_HIDPI_IMAGES = YES;
				CURRENT_PROJECT_VERSION = 1;
				DEVELOPMENT_TEAM = YOUR_TEAM_ID;
				ENABLE_PREVIEWS = YES;
				GENERATE_INFOPLIST_FILE = YES;
				INFOPLIST_GENERATION_CLASS = "";
				INFOPLIST_KEY_LSApplicationCategoryType = "public.app-category.finance";
				INFOPLIST_KEY_NSHumanReadableCopyright = "";
				LD_RUNPATH_SEARCH_PATHS = (
					"$(inherited)",
					"@executable_path/../Frameworks",
				);
				MARKETING_VERSION = 1.0.0;
				PRODUCT_BUNDLE_IDENTIFIER = com.owerhintdel.substracker;
				PRODUCT_NAME = SubsTracker;
				SDKROOT = macosx;
				SWIFT_EMIT_LOC_STRINGS = YES;
			};
			name = Debug;
		};
		4E9E64425A6809941D61075B /* Release */ = {
			isa = XCBuildConfiguration;
			buildSettings = {
				BUNDLE_LOADER = "$(TEST_HOST)";
				COMBINE_HIDPI_IMAGES = YES;
				GENERATE_INFOPLIST_FILE = YES;
				LD_RUNPATH_SEARCH_PATHS = (
					"$(inherited)",
					"@executable_path/../Frameworks",
					"@loader_path/../Frameworks",
				);
				PRODUCT_BUNDLE_IDENTIFIER = com.owerhintdel.substracker.tests;
				SDKROOT = macosx;
			};
			name = Release;
		};
		70D69824D847E572E4BB7C12 /* Debug */ = {
			isa = XCBuildConfiguration;
			buildSettings = {
				BUNDLE_LOADER = "$(TEST_HOST)";
				COMBINE_HIDPI_IMAGES = YES;
				GENERATE_INFOPLIST_FILE = YES;
				LD_RUNPATH_SEARCH_PATHS = (
					"$(inherited)",
					"@executable_path/../Frameworks",
					"@loader_path/../Frameworks",
				);
				PRODUCT_BUNDLE_IDENTIFIER = com.owerhintdel.substracker.tests;
				SDKROOT = macosx;
			};
			name = Debug;
		};
		7F72E17CD8C74C19103C1227 /* Debug */ = {
			isa = XCBuildConfiguration;
			buildSettings = {
				CODE_SIGN_ENTITLEMENTS = SubsTrackerWidget/SubsTrackerWidget.entitlements;
				CODE_SIGN_IDENTITY = "Apple Development";
				CODE_SIGN_STYLE = Automatic;
				COMBINE_HIDPI_IMAGES = YES;
				CURRENT_PROJECT_VERSION = 1;
				DEVELOPMENT_TEAM = YOUR_TEAM_ID;
				GENERATE_INFOPLIST_FILE = YES;
				INFOPLIST_KEY_NSHumanReadableCopyright = "";
				LD_RUNPATH_SEARCH_PATHS = "$(inherited) @executable_path/../Frameworks @executable_path/../../../../Frameworks";
				MARKETING_VERSION = 1.0.0;
				PRODUCT_BUNDLE_IDENTIFIER = com.owerhintdel.substracker.widget;
				PRODUCT_NAME = SubsTrackerWidget;
				SDKROOT = macosx;
			};
			name = Debug;
		};
		AF1DEC47CAAC0F8EA6DD8298 /* Release */ = {
			isa = XCBuildConfiguration;
			buildSettings = {
				ALWAYS_SEARCH_USER_PATHS = NO;
				CLANG_ANALYZER_NONNULL = YES;
				CLANG_ANALYZER_NUMBER_OBJECT_CONVERSION = YES_AGGRESSIVE;
				CLANG_CXX_LANGUAGE_STANDARD = "gnu++14";
				CLANG_CXX_LIBRARY = "libc++";
				CLANG_ENABLE_MODULES = YES;
				CLANG_ENABLE_OBJC_ARC = YES;
				CLANG_ENABLE_OBJC_WEAK = YES;
				CLANG_WARN_BLOCK_CAPTURE_AUTORELEASING = YES;
				CLANG_WARN_BOOL_CONVERSION = YES;
				CLANG_WARN_COMMA = YES;
				CLANG_WARN_CONSTANT_CONVERSION = YES;
				CLANG_WARN_DEPRECATED_OBJC_IMPLEMENTATIONS = YES;
				CLANG_WARN_DIRECT_OBJC_ISA_USAGE = YES_ERROR;
				CLANG_WARN_DOCUMENTATION_COMMENTS = YES;
				CLANG_WARN_EMPTY_BODY = YES;
				CLANG_WARN_ENUM_CONVERSION = YES;
				CLANG_WARN_INFINITE_RECURSION = YES;
				CLANG_WARN_INT_CONVERSION = YES;
				CLANG_WARN_NON_LITERAL_NULL_CONVERSION = YES;
				CLANG_WARN_OBJC_IMPLICIT_RETAIN_SELF = YES;
				CLANG_WARN_OBJC_LITERAL_CONVERSION = YES;
				CLANG_WARN_OBJC_ROOT_CLASS = YES_ERROR;
				CLANG_WARN_QUOTED_INCLUDE_IN_FRAMEWORK_HEADER = YES;
				CLANG_WARN_RANGE_LOOP_ANALYSIS = YES;
				CLANG_WARN_STRICT_PROTOTYPES = YES;
				CLANG_WARN_SUSPICIOUS_MOVE = YES;
				CLANG_WARN_UNGUARDED_AVAILABILITY = YES_AGGRESSIVE;
				CLANG_WARN_UNREACHABLE_CODE = YES;
				CLANG_WARN__DUPLICATE_METHOD_MATCH = YES;
				COPY_PHASE_STRIP = NO;
				DEBUG_INFORMATION_FORMAT = "dwarf-with-dsym";
				ENABLE_NS_ASSERTIONS = NO;
				ENABLE_STRICT_OBJC_MSGSEND = YES;
				GCC_C_LANGUAGE_STANDARD = gnu11;
				GCC_NO_COMMON_BLOCKS = YES;
				GCC_WARN_64_TO_32_BIT_CONVERSION = YES;
				GCC_WARN_ABOUT_RETURN_TYPE = YES_ERROR;
				GCC_WARN_UNDECLARED_SELECTOR = YES;
				GCC_WARN_UNINITIALIZED_AUTOS = YES_AGGRESSIVE;
				GCC_WARN_UNUSED_FUNCTION = YES;
				GCC_WARN_UNUSED_VARIABLE = YES;
				MACOSX_DEPLOYMENT_TARGET = 14.0;
				MTL_ENABLE_DEBUG_INFO = NO;
				MTL_FAST_MATH = YES;
				PRODUCT_NAME = "$(TARGET_NAME)";
				SDKROOT = macosx;
				SWIFT_COMPILATION_MODE = wholemodule;
				SWIFT_OPTIMIZATION_LEVEL = "-O";
				SWIFT_VERSION = 5.9;
			};
			name = Release;
		};
/* End XCBuildConfiguration section */

/* Begin XCConfigurationList section */
		48038CB9825F025490B6DEB4 /* Build configuration list for PBXNativeTarget "SubsTrackerWidget" */ = {
			isa = XCConfigurationList;
			buildConfigurations = (
				7F72E17CD8C74C19103C1227 /* Debug */,
				3435CBE23AA2CF94D7F367C8 /* Release */,
			);
			defaultConfigurationIsVisible = 0;
			defaultConfigurationName = Debug;
		};
		93765209B3C0D92E6C4D02F2 /* Build configuration list for PBXProject "SubsTracker" */ = {
			isa = XCConfigurationList;
			buildConfigurations = (
				3874D70EA028C24C1A8579E8 /* Debug */,
				AF1DEC47CAAC0F8EA6DD8298 /* Release */,
			);
			defaultConfigurationIsVisible = 0;
			defaultConfigurationName = Debug;
		};
		D0F514DEAA9817024216576D /* Build configuration list for PBXNativeTarget "SubsTracker" */ = {
			isa = XCConfigurationList;
			buildConfigurations = (
				4BCCB7C61CAD6CB56011281F /* Debug */,
				2DB1DBB2393E3C82AF374E55 /* Release */,
			);
			defaultConfigurationIsVisible = 0;
			defaultConfigurationName = Debug;
		};
		DC4EEB5A31920B23B1F2E65D /* Build configuration list for PBXNativeTarget "SubsTrackerTests" */ = {
			isa = XCConfigurationList;
			buildConfigurations = (
				70D69824D847E572E4BB7C12 /* Debug */,
				4E9E64425A6809941D61075B /* Release */,
			);
			defaultConfigurationIsVisible = 0;
			defaultConfigurationName = Debug;
		};
/* End XCConfigurationList section */
	};
	rootObject = 47DE83BA614872FDEFBD647B /* Project object */;
}
